
Microsoft Visual Studio Solution File, Format Version 12.00
# Visual Studio 2013
VisualStudioVersion = 12.0.31101.0
MinimumVisualStudioVersion = 10.0.40219.1
Project("{FAE04EC0-301F-11D3-BF4B-00C04F79EFBC}") = "GameOfLife.Models", "GameOfLife.Model\GameOfLife.Models.csproj", "{F59B8379-B893-47AF-B94D-B32B022CC2E8}"
EndProject
Project("{FAE04EC0-301F-11D3-BF4B-00C04F79EFBC}") = "GameOfLife.UnitTests", "GameOfLife.UnitTests\GameOfLife.UnitTests.csproj", "{B4060287-AEB8-4090-9A23-54B542B6DCEB}"
EndProject
Project("{F2A71F9B-5D33-465A-A702-920D77279786}") = "GameOfLife.Models.FSharp", "GameOfLife.Models.FSharp\GameOfLife.Models.FSharp.fsproj", "{A47181C6-E1C8-4054-A61F-DD3BE89C75A8}"
EndProject
Project("{F2A71F9B-5D33-465A-A702-920D77279786}") = "GameOfLife.UnitTests.FSharp", "GameOfLife.UnitTests.FSharp\GameOfLife.UnitTests.FSharp.fsproj", "{E00141F5-93DC-426D-89A0-A8624864961D}"
EndProject
Global
	GlobalSection(SolutionConfigurationPlatforms) = preSolution
		Debug|Any CPU = Debug|Any CPU
		Release|Any CPU = Release|Any CPU
	EndGlobalSection
	GlobalSection(ProjectConfigurationPlatforms) = postSolution
		{F59B8379-B893-47AF-B94D-B32B022CC2E8}.Debug|Any CPU.ActiveCfg = Debug|Any CPU
		{F59B8379-B893-47AF-B94D-B32B022CC2E8}.Debug|Any CPU.Build.0 = Debug|Any CPU
		{F59B8379-B893-47AF-B94D-B32B022CC2E8}.Release|Any CPU.ActiveCfg = Release|Any CPU
		{F59B8379-B893-47AF-B94D-B32B022CC2E8}.Release|Any CPU.Build.0 = Release|Any CPU
		{B4060287-AEB8-4090-9A23-54B542B6DCEB}.Debug|Any CPU.ActiveCfg = Debug|Any CPU
		{B4060287-AEB8-4090-9A23-54B542B6DCEB}.Debug|Any CPU.Build.0 = Debug|Any CPU
		{B4060287-AEB8-4090-9A23-54B542B6DCEB}.Release|Any CPU.ActiveCfg = Release|Any CPU
		{B4060287-AEB8-4090-9A23-54B542B6DCEB}.Release|Any CPU.Build.0 = Release|Any CPU
		{A47181C6-E1C8-4054-A61F-DD3BE89C75A8}.Debug|Any CPU.ActiveCfg = Debug|Any CPU
		{A47181C6-E1C8-4054-A61F-DD3BE89C75A8}.Debug|Any CPU.Build.0 = Debug|Any CPU
		{A47181C6-E1C8-4054-A61F-DD3BE89C75A8}.Release|Any CPU.ActiveCfg = Release|Any CPU
		{A47181C6-E1C8-4054-A61F-DD3BE89C75A8}.Release|Any CPU.Build.0 = Release|Any CPU
		{E00141F5-93DC-426D-89A0-A8624864961D}.Debug|Any CPU.ActiveCfg = Debug|Any CPU
		{E00141F5-93DC-426D-89A0-A8624864961D}.Debug|Any CPU.Build.0 = Debug|Any CPU
		{E00141F5-93DC-426D-89A0-A8624864961D}.Release|Any CPU.ActiveCfg = Release|Any CPU
		{E00141F5-93DC-426D-89A0-A8624864961D}.Release|Any CPU.Build.0 = Release|Any CPU
	EndGlobalSection
	GlobalSection(SolutionProperties) = preSolution
		HideSolutionNode = FALSE
	EndGlobalSection
EndGlobal
